// !$*UTF8*$!
{
	archiveVersion = 1;
	classes = {
	};
	objectVersion = 56;
	objects = {

/* Begin PBXBuildFile section */
		56338A6C29EFCA6300A1F0E7 /* appenApp.swift in Sources */ = {isa = PBXBuildFile; fileRef = 56338A6B29EFCA6300A1F0E7 /* appenApp.swift */; };
		56338A6E29EFCA6300A1F0E7 /* ContentView.swift in Sources */ = {isa = PBXBuildFile; fileRef = 56338A6D29EFCA6300A1F0E7 /* ContentView.swift */; };
		56338A7029EFCA6700A1F0E7 /* Assets.xcassets in Resources */ = {isa = PBXBuildFile; fileRef = 56338A6F29EFCA6700A1F0E7 /* Assets.xcassets */; };
		56338A7429EFCA6700A1F0E7 /* Preview Assets.xcassets in Resources */ = {isa = PBXBuildFile; fileRef = 56338A7329EFCA6700A1F0E7 /* Preview Assets.xcassets */; };
		56338A7E29EFCA6800A1F0E7 /* appenTests.swift in Sources */ = {isa = PBXBuildFile; fileRef = 56338A7D29EFCA6800A1F0E7 /* appenTests.swift */; };
		56338A8829EFCA6800A1F0E7 /* appenUITests.swift in Sources */ = {isa = PBXBuildFile; fileRef = 56338A8729EFCA6800A1F0E7 /* appenUITests.swift */; };
		56338A8A29EFCA6800A1F0E7 /* appenUITestsLaunchTests.swift in Sources */ = {isa = PBXBuildFile; fileRef = 56338A8929EFCA6800A1F0E7 /* appenUITestsLaunchTests.swift */; };
/* End PBXBuildFile section */

/* Begin PBXContainerItemProxy section */
		56338A7A29EFCA6800A1F0E7 /* PBXContainerItemProxy */ = {
			isa = PBXContainerItemProxy;
			containerPortal = 56338A6029EFCA6300A1F0E7 /* Project object */;
			proxyType = 1;
			remoteGlobalIDString = 56338A6729EFCA6300A1F0E7;
			remoteInfo = appen;
		};
		56338A8429EFCA6800A1F0E7 /* PBXContainerItemProxy */ = {
			isa = PBXContainerItemProxy;
			containerPortal = 56338A6029EFCA6300A1F0E7 /* Project object */;
			proxyType = 1;
			remoteGlobalIDString = 56338A6729EFCA6300A1F0E7;
			remoteInfo = appen;
		};
/* End PBXContainerItemProxy section */

/* Begin PBXFileReference section */
		56338A6829EFCA6300A1F0E7 /* appen.app */ = {isa = PBXFileReference; explicitFileType = wrapper.application; includeInIndex = 0; path = appen.app; sourceTree = BUILT_PRODUCTS_DIR; };
		56338A6B29EFCA6300A1F0E7 /* appenApp.swift */ = {isa = PBXFileReference; lastKnownFileType = sourcecode.swift; path = appenApp.swift; sourceTree = "<group>"; };
		56338A6D29EFCA6300A1F0E7 /* ContentView.swift */ = {isa = PBXFileReference; lastKnownFileType = sourcecode.swift; path = ContentView.swift; sourceTree = "<group>"; };
		56338A6F29EFCA6700A1F0E7 /* Assets.xcassets */ = {isa = PBXFileReference; lastKnownFileType = folder.assetcatalog; path = Assets.xcassets; sourceTree = "<group>"; };
		56338A7129EFCA6700A1F0E7 /* appen.entitlements */ = {isa = PBXFileReference; lastKnownFileType = text.plist.entitlements; path = appen.entitlements; sourceTree = "<group>"; };
		56338A7329EFCA6700A1F0E7 /* Preview Assets.xcassets */ = {isa = PBXFileReference; lastKnownFileType = folder.assetcatalog; path = "Preview Assets.xcassets"; sourceTree = "<group>"; };
		56338A7929EFCA6800A1F0E7 /* appenTests.xctest */ = {isa = PBXFileReference; explicitFileType = wrapper.cfbundle; includeInIndex = 0; path = appenTests.xctest; sourceTree = BUILT_PRODUCTS_DIR; };
		56338A7D29EFCA6800A1F0E7 /* appenTests.swift */ = {isa = PBXFileReference; lastKnownFileType = sourcecode.swift; path = appenTests.swift; sourceTree = "<group>"; };
		56338A8329EFCA6800A1F0E7 /* appenUITests.xctest */ = {isa = PBXFileReference; explicitFileType = wrapper.cfbundle; includeInIndex = 0; path = appenUITests.xctest; sourceTree = BUILT_PRODUCTS_DIR; };
		56338A8729EFCA6800A1F0E7 /* appenUITests.swift */ = {isa = PBXFileReference; lastKnownFileType = sourcecode.swift; path = appenUITests.swift; sourceTree = "<group>"; };
		56338A8929EFCA6800A1F0E7 /* appenUITestsLaunchTests.swift */ = {isa = PBXFileReference; lastKnownFileType = sourcecode.swift; path = appenUITestsLaunchTests.swift; sourceTree = "<group>"; };
/* End PBXFileReference section */

/* Begin PBXFrameworksBuildPhase section */
		56338A6529EFCA6300A1F0E7 /* Frameworks */ = {
			isa = PBXFrameworksBuildPhase;
			buildActionMask = 2147483647;
			files = (
			);
			runOnlyForDeploymentPostprocessing = 0;
		};
		56338A7629EFCA6800A1F0E7 /* Frameworks */ = {
			isa = PBXFrameworksBuildPhase;
			buildActionMask = 2147483647;
			files = (
			);
			runOnlyForDeploymentPostprocessing = 0;
		};
		56338A8029EFCA6800A1F0E7 /* Frameworks */ = {
			isa = PBXFrameworksBuildPhase;
			buildActionMask = 2147483647;
			files = (
			);
			runOnlyForDeploymentPostprocessing = 0;
		};
/* End PBXFrameworksBuildPhase section */

/* Begin PBXGroup section */
		56338A5F29EFCA6300A1F0E7 = {
			isa = PBXGroup;
			children = (
				56338A6A29EFCA6300A1F0E7 /* appen */,
				56338A7C29EFCA6800A1F0E7 /* appenTests */,
				56338A8629EFCA6800A1F0E7 /* appenUITests */,
				56338A6929EFCA6300A1F0E7 /* Products */,
			);
			sourceTree = "<group>";
		};
		56338A6929EFCA6300A1F0E7 /* Products */ = {
			isa = PBXGroup;
			children = (
				56338A6829EFCA6300A1F0E7 /* appen.app */,
				56338A7929EFCA6800A1F0E7 /* appenTests.xctest */,
				56338A8329EFCA6800A1F0E7 /* appenUITests.xctest */,
			);
			name = Products;
			sourceTree = "<group>";
		};
		56338A6A29EFCA6300A1F0E7 /* appen */ = {
			isa = PBXGroup;
			children = (
				56338A6B29EFCA6300A1F0E7 /* appenApp.swift */,
				56338A6D29EFCA6300A1F0E7 /* ContentView.swift */,
				56338A6F29EFCA6700A1F0E7 /* Assets.xcassets */,
				56338A7129EFCA6700A1F0E7 /* appen.entitlements */,
				56338A7229EFCA6700A1F0E7 /* Preview Content */,
			);
			path = appen;
			sourceTree = "<group>";
		};
		56338A7229EFCA6700A1F0E7 /* Preview Content */ = {
			isa = PBXGroup;
			children = (
				56338A7329EFCA6700A1F0E7 /* Preview Assets.xcassets */,
			);
			path = "Preview Content";
			sourceTree = "<group>";
		};
		56338A7C29EFCA6800A1F0E7 /* appenTests */ = {
			isa = PBXGroup;
			children = (
				56338A7D29EFCA6800A1F0E7 /* appenTests.swift */,
			);
			path = appenTests;
			sourceTree = "<group>";
		};
		56338A8629EFCA6800A1F0E7 /* appenUITests */ = {
			isa = PBXGroup;
			children = (
				56338A8729EFCA6800A1F0E7 /* appenUITests.swift */,
				56338A8929EFCA6800A1F0E7 /* appenUITestsLaunchTests.swift */,
			);
			path = appenUITests;
			sourceTree = "<group>";
		};
/* End PBXGroup section */

/* Begin PBXNativeTarget section */
		56338A6729EFCA6300A1F0E7 /* appen */ = {
			isa = PBXNativeTarget;
			buildConfigurationList = 56338A8D29EFCA6800A1F0E7 /* Build configuration list for PBXNativeTarget "appen" */;
			buildPhases = (
				56338A6429EFCA6300A1F0E7 /* Sources */,
				56338A6529EFCA6300A1F0E7 /* Frameworks */,
				56338A6629EFCA6300A1F0E7 /* Resources */,
			);
			buildRules = (
			);
			dependencies = (
			);
			name = appen;
			productName = appen;
			productReference = 56338A6829EFCA6300A1F0E7 /* appen.app */;
			productType = "com.apple.product-type.application";
		};
		56338A7829EFCA6800A1F0E7 /* appenTests */ = {
			isa = PBXNativeTarget;
			buildConfigurationList = 56338A9029EFCA6800A1F0E7 /* Build configuration list for PBXNativeTarget "appenTests" */;
			buildPhases = (
				56338A7529EFCA6800A1F0E7 /* Sources */,
				56338A7629EFCA6800A1F0E7 /* Frameworks */,
				56338A7729EFCA6800A1F0E7 /* Resources */,
			);
			buildRules = (
			);
			dependencies = (
				56338A7B29EFCA6800A1F0E7 /* PBXTargetDependency */,
			);
			name = appenTests;
			productName = appenTests;
			productReference = 56338A7929EFCA6800A1F0E7 /* appenTests.xctest */;
			productType = "com.apple.product-type.bundle.unit-test";
		};
		56338A8229EFCA6800A1F0E7 /* appenUITests */ = {
			isa = PBXNativeTarget;
			buildConfigurationList = 56338A9329EFCA6800A1F0E7 /* Build configuration list for PBXNativeTarget "appenUITests" */;
			buildPhases = (
				56338A7F29EFCA6800A1F0E7 /* Sources */,
				56338A8029EFCA6800A1F0E7 /* Frameworks */,
				56338A8129EFCA6800A1F0E7 /* Resources */,
			);
			buildRules = (
			);
			dependencies = (
				56338A8529EFCA6800A1F0E7 /* PBXTargetDependency */,
			);
			name = appenUITests;
			productName = appenUITests;
			productReference = 56338A8329EFCA6800A1F0E7 /* appenUITests.xctest */;
			productType = "com.apple.product-type.bundle.ui-testing";
		};
/* End PBXNativeTarget section */

/* Begin PBXProject section */
		56338A6029EFCA6300A1F0E7 /* Project object */ = {
			isa = PBXProject;
			attributes = {
				BuildIndependentTargetsInParallel = 1;
				LastSwiftUpdateCheck = 1420;
				LastUpgradeCheck = 1420;
				TargetAttributes = {
					56338A6729EFCA6300A1F0E7 = {
						CreatedOnToolsVersion = 14.2;
					};
					56338A7829EFCA6800A1F0E7 = {
						CreatedOnToolsVersion = 14.2;
						TestTargetID = 56338A6729EFCA6300A1F0E7;
					};
					56338A8229EFCA6800A1F0E7 = {
						CreatedOnToolsVersion = 14.2;
						TestTargetID = 56338A6729EFCA6300A1F0E7;
					};
				};
			};
			buildConfigurationList = 56338A6329EFCA6300A1F0E7 /* Build configuration list for PBXProject "appen" */;
			compatibilityVersion = "Xcode 14.0";
			developmentRegion = en;
			hasScannedForEncodings = 0;
			knownRegions = (
				en,
				Base,
			);
			mainGroup = 56338A5F29EFCA6300A1F0E7;
			productRefGroup = 56338A6929EFCA6300A1F0E7 /* Products */;
			projectDirPath = "";
			projectRoot = "";
			targets = (
				56338A6729EFCA6300A1F0E7 /* appen */,
				56338A7829EFCA6800A1F0E7 /* appenTests */,
				56338A8229EFCA6800A1F0E7 /* appenUITests */,
			);
		};
/* End PBXProject section */

/* Begin PBXResourcesBuildPhase section */
		56338A6629EFCA6300A1F0E7 /* Resources */ = {
			isa = PBXResourcesBuildPhase;
			buildActionMask = 2147483647;
			files = (
				56338A7429EFCA6700A1F0E7 /* Preview Assets.xcassets in Resources */,
				56338A7029EFCA6700A1F0E7 /* Assets.xcassets in Resources */,
			);
			runOnlyForDeploymentPostprocessing = 0;
		};
		56338A7729EFCA6800A1F0E7 /* Resources */ = {
			isa = PBXResourcesBuildPhase;
			buildActionMask = 2147483647;
			files = (
			);
			runOnlyForDeploymentPostprocessing = 0;
		};
		56338A8129EFCA6800A1F0E7 /* Resources */ = {
			isa = PBXResourcesBuildPhase;
			buildActionMask = 2147483647;
			files = (
			);
			runOnlyForDeploymentPostprocessing = 0;
		};
/* End PBXResourcesBuildPhase section */

/* Begin PBXSourcesBuildPhase section */
		56338A6429EFCA6300A1F0E7 /* Sources */ = {
			isa = PBXSourcesBuildPhase;
			buildActionMask = 2147483647;
			files = (
				56338A6E29EFCA6300A1F0E7 /* ContentView.swift in Sources */,
				56338A6C29EFCA6300A1F0E7 /* appenApp.swift in Sources */,
			);
			runOnlyForDeploymentPostprocessing = 0;
		};
		56338A7529EFCA6800A1F0E7 /* Sources */ = {
			isa = PBXSourcesBuildPhase;
			buildActionMask = 2147483647;
			files = (
				56338A7E29EFCA6800A1F0E7 /* appenTests.swift in Sources */,
			);
			runOnlyForDeploymentPostprocessing = 0;
		};
		56338A7F29EFCA6800A1F0E7 /* Sources */ = {
			isa = PBXSourcesBuildPhase;
			buildActionMask = 2147483647;
			files = (
				56338A8829EFCA6800A1F0E7 /* appenUITests.swift in Sources */,
				56338A8A29EFCA6800A1F0E7 /* appenUITestsLaunchTests.swift in Sources */,
			);
			runOnlyForDeploymentPostprocessing = 0;
		};
/* End PBXSourcesBuildPhase section */

/* Begin PBXTargetDependency section */
		56338A7B29EFCA6800A1F0E7 /* PBXTargetDependency */ = {
			isa = PBXTargetDependency;
			target = 56338A6729EFCA6300A1F0E7 /* appen */;
			targetProxy = 56338A7A29EFCA6800A1F0E7 /* PBXContainerItemProxy */;
		};
		56338A8529EFCA6800A1F0E7 /* PBXTargetDependency */ = {
			isa = PBXTargetDependency;
			target = 56338A6729EFCA6300A1F0E7 /* appen */;
			targetProxy = 56338A8429EFCA6800A1F0E7 /* PBXContainerItemProxy */;
		};
/* End PBXTargetDependency section */

/* Begin XCBuildConfiguration section */
		56338A8B29EFCA6800A1F0E7 /* Debug */ = {
			isa = XCBuildConfiguration;
			buildSettings = {
				ALWAYS_SEARCH_USER_PATHS = NO;
				CLANG_ANALYZER_NONNULL = YES;
				CLANG_ANALYZER_NUMBER_OBJECT_CONVERSION = YES_AGGRESSIVE;
				CLANG_CXX_LANGUAGE_STANDARD = "gnu++20";
				CLANG_ENABLE_MODULES = YES;
				CLANG_ENABLE_OBJC_ARC = YES;
				CLANG_ENABLE_OBJC_WEAK = YES;
				CLANG_WARN_BLOCK_CAPTURE_AUTORELEASING = YES;
				CLANG_WARN_BOOL_CONVERSION = YES;
				CLANG_WARN_COMMA = YES;
				CLANG_WARN_CONSTANT_CONVERSION = YES;
				CLANG_WARN_DEPRECATED_OBJC_IMPLEMENTATIONS = YES;
				CLANG_WARN_DIRECT_OBJC_ISA_USAGE = YES_ERROR;
				CLANG_WARN_DOCUMENTATION_COMMENTS = YES;
				CLANG_WARN_EMPTY_BODY = YES;
				CLANG_WARN_ENUM_CONVERSION = YES;
				CLANG_WARN_INFINITE_RECURSION = YES;
				CLANG_WARN_INT_CONVERSION = YES;
				CLANG_WARN_NON_LITERAL_NULL_CONVERSION = YES;
				CLANG_WARN_OBJC_IMPLICIT_RETAIN_SELF = YES;
				CLANG_WARN_OBJC_LITERAL_CONVERSION = YES;
				CLANG_WARN_OBJC_ROOT_CLASS = YES_ERROR;
				CLANG_WARN_QUOTED_INCLUDE_IN_FRAMEWORK_HEADER = YES;
				CLANG_WARN_RANGE_LOOP_ANALYSIS = YES;
				CLANG_WARN_STRICT_PROTOTYPES = YES;
				CLANG_WARN_SUSPICIOUS_MOVE = YES;
				CLANG_WARN_UNGUARDED_AVAILABILITY = YES_AGGRESSIVE;
				CLANG_WARN_UNREACHABLE_CODE = YES;
				CLANG_WARN__DUPLICATE_METHOD_MATCH = YES;
				COPY_PHASE_STRIP = NO;
				DEBUG_INFORMATION_FORMAT = dwarf;
				ENABLE_STRICT_OBJC_MSGSEND = YES;
				ENABLE_TESTABILITY = YES;
				GCC_C_LANGUAGE_STANDARD = gnu11;
				GCC_DYNAMIC_NO_PIC = NO;
				GCC_NO_COMMON_BLOCKS = YES;
				GCC_OPTIMIZATION_LEVEL = 0;
				GCC_PREPROCESSOR_DEFINITIONS = (
					"DEBUG=1",
					"$(inherited)",
				);
				GCC_WARN_64_TO_32_BIT_CONVERSION = YES;
				GCC_WARN_ABOUT_RETURN_TYPE = YES_ERROR;
				GCC_WARN_UNDECLARED_SELECTOR = YES;
				GCC_WARN_UNINITIALIZED_AUTOS = YES_AGGRESSIVE;
				GCC_WARN_UNUSED_FUNCTION = YES;
				GCC_WARN_UNUSED_VARIABLE = YES;
				MTL_ENABLE_DEBUG_INFO = INCLUDE_SOURCE;
				MTL_FAST_MATH = YES;
				ONLY_ACTIVE_ARCH = YES;
				SWIFT_ACTIVE_COMPILATION_CONDITIONS = DEBUG;
				SWIFT_OPTIMIZATION_LEVEL = "-Onone";
			};
			name = Debug;
		};
		56338A8C29EFCA6800A1F0E7 /* Release */ = {
			isa = XCBuildConfiguration;
			buildSettings = {
				ALWAYS_SEARCH_USER_PATHS = NO;
				CLANG_ANALYZER_NONNULL = YES;
				CLANG_ANALYZER_NUMBER_OBJECT_CONVERSION = YES_AGGRESSIVE;
				CLANG_CXX_LANGUAGE_STANDARD = "gnu++20";
				CLANG_ENABLE_MODULES = YES;
				CLANG_ENABLE_OBJC_ARC = YES;
				CLANG_ENABLE_OBJC_WEAK = YES;
				CLANG_WARN_BLOCK_CAPTURE_AUTORELEASING = YES;
				CLANG_WARN_BOOL_CONVERSION = YES;
				CLANG_WARN_COMMA = YES;
				CLANG_WARN_CONSTANT_CONVERSION = YES;
				CLANG_WARN_DEPRECATED_OBJC_IMPLEMENTATIONS = YES;
				CLANG_WARN_DIRECT_OBJC_ISA_USAGE = YES_ERROR;
				CLANG_WARN_DOCUMENTATION_COMMENTS = YES;
				CLANG_WARN_EMPTY_BODY = YES;
				CLANG_WARN_ENUM_CONVERSION = YES;
				CLANG_WARN_INFINITE_RECURSION = YES;
				CLANG_WARN_INT_CONVERSION = YES;
				CLANG_WARN_NON_LITERAL_NULL_CONVERSION = YES;
				CLANG_WARN_OBJC_IMPLICIT_RETAIN_SELF = YES;
				CLANG_WARN_OBJC_LITERAL_CONVERSION = YES;
				CLANG_WARN_OBJC_ROOT_CLASS = YES_ERROR;
				CLANG_WARN_QUOTED_INCLUDE_IN_FRAMEWORK_HEADER = YES;
				CLANG_WARN_RANGE_LOOP_ANALYSIS = YES;
				CLANG_WARN_STRICT_PROTOTYPES = YES;
				CLANG_WARN_SUSPICIOUS_MOVE = YES;
				CLANG_WARN_UNGUARDED_AVAILABILITY = YES_AGGRESSIVE;
				CLANG_WARN_UNREACHABLE_CODE = YES;
				CLANG_WARN__DUPLICATE_METHOD_MATCH = YES;
				COPY_PHASE_STRIP = NO;
				DEBUG_INFORMATION_FORMAT = "dwarf-with-dsym";
				ENABLE_NS_ASSERTIONS = NO;
				ENABLE_STRICT_OBJC_MSGSEND = YES;
				GCC_C_LANGUAGE_STANDARD = gnu11;
				GCC_NO_COMMON_BLOCKS = YES;
				GCC_WARN_64_TO_32_BIT_CONVERSION = YES;
				GCC_WARN_ABOUT_RETURN_TYPE = YES_ERROR;
				GCC_WARN_UNDECLARED_SELECTOR = YES;
				GCC_WARN_UNINITIALIZED_AUTOS = YES_AGGRESSIVE;
				GCC_WARN_UNUSED_FUNCTION = YES;
				GCC_WARN_UNUSED_VARIABLE = YES;
				MTL_ENABLE_DEBUG_INFO = NO;
				MTL_FAST_MATH = YES;
				SWIFT_COMPILATION_MODE = wholemodule;
				SWIFT_OPTIMIZATION_LEVEL = "-O";
			};
			name = Release;
		};
		56338A8E29EFCA6800A1F0E7 /* Debug */ = {
			isa = XCBuildConfiguration;
			buildSettings = {
				ASSETCATALOG_COMPILER_APPICON_NAME = AppIcon;
				ASSETCATALOG_COMPILER_GLOBAL_ACCENT_COLOR_NAME = AccentColor;
				CODE_SIGN_ENTITLEMENTS = appen/appen.entitlements;
				CODE_SIGN_STYLE = Automatic;
				CURRENT_PROJECT_VERSION = 1;
				DEVELOPMENT_ASSET_PATHS = "\"appen/Preview Content\"";
				ENABLE_PREVIEWS = YES;
				GENERATE_INFOPLIST_FILE = YES;
				"INFOPLIST_KEY_UIApplicationSceneManifest_Generation[sdk=iphoneos*]" = YES;
				"INFOPLIST_KEY_UIApplicationSceneManifest_Generation[sdk=iphonesimulator*]" = YES;
				"INFOPLIST_KEY_UIApplicationSupportsIndirectInputEvents[sdk=iphoneos*]" = YES;
				"INFOPLIST_KEY_UIApplicationSupportsIndirectInputEvents[sdk=iphonesimulator*]" = YES;
				"INFOPLIST_KEY_UILaunchScreen_Generation[sdk=iphoneos*]" = YES;
				"INFOPLIST_KEY_UILaunchScreen_Generation[sdk=iphonesimulator*]" = YES;
				"INFOPLIST_KEY_UIStatusBarStyle[sdk=iphoneos*]" = UIStatusBarStyleDefault;
				"INFOPLIST_KEY_UIStatusBarStyle[sdk=iphonesimulator*]" = UIStatusBarStyleDefault;
				INFOPLIST_KEY_UISupportedInterfaceOrientations_iPad = "UIInterfaceOrientationPortrait UIInterfaceOrientationPortraitUpsideDown UIInterfaceOrientationLandscapeLeft UIInterfaceOrientationLandscapeRight";
				INFOPLIST_KEY_UISupportedInterfaceOrientations_iPhone = "UIInterfaceOrientationPortrait UIInterfaceOrientationLandscapeLeft UIInterfaceOrientationLandscapeRight";
				IPHONEOS_DEPLOYMENT_TARGET = 16.2;
				LD_RUNPATH_SEARCH_PATHS = "@executable_path/Frameworks";
				"LD_RUNPATH_SEARCH_PATHS[sdk=macosx*]" = "@executable_path/../Frameworks";
				MACOSX_DEPLOYMENT_TARGET = 13.1;
				MARKETING_VERSION = 1.0;
				PRODUCT_BUNDLE_IDENTIFIER = myApp.appen;
				PRODUCT_NAME = "$(TARGET_NAME)";
				SDKROOT = auto;
				SUPPORTED_PLATFORMS = "iphoneos iphonesimulator macosx";
				SWIFT_EMIT_LOC_STRINGS = YES;
				SWIFT_VERSION = 5.0;
				TARGETED_DEVICE_FAMILY = "1,2";
			};
			name = Debug;
		};
		56338A8F29EFCA6800A1F0E7 /* Release */ = {
			isa = XCBuildConfiguration;
			buildSettings = {
				ASSETCATALOG_COMPILER_APPICON_NAME = AppIcon;
				ASSETCATALOG_COMPILER_GLOBAL_ACCENT_COLOR_NAME = AccentColor;
				CODE_SIGN_ENTITLEMENTS = appen/appen.entitlements;
				CODE_SIGN_STYLE = Automatic;
				CURRENT_PROJECT_VERSION = 1;
				DEVELOPMENT_ASSET_PATHS = "\"appen/Preview Content\"";
				ENABLE_PREVIEWS = YES;
				GENERATE_INFOPLIST_FILE = YES;
				"INFOPLIST_KEY_UIApplicationSceneManifest_Generation[sdk=iphoneos*]" = YES;
				"INFOPLIST_KEY_UIApplicationSceneManifest_Generation[sdk=iphonesimulator*]" = YES;
				"INFOPLIST_KEY_UIApplicationSupportsIndirectInputEvents[sdk=iphoneos*]" = YES;
				"INFOPLIST_KEY_UIApplicationSupportsIndirectInputEvents[sdk=iphonesimulator*]" = YES;
				"INFOPLIST_KEY_UILaunchScreen_Generation[sdk=iphoneos*]" = YES;
				"INFOPLIST_KEY_UILaunchScreen_Generation[sdk=iphonesimulator*]" = YES;
				"INFOPLIST_KEY_UIStatusBarStyle[sdk=iphoneos*]" = UIStatusBarStyleDefault;
				"INFOPLIST_KEY_UIStatusBarStyle[sdk=iphonesimulator*]" = UIStatusBarStyleDefault;
				INFOPLIST_KEY_UISupportedInterfaceOrientations_iPad = "UIInterfaceOrientationPortrait UIInterfaceOrientationPortraitUpsideDown UIInterfaceOrientationLandscapeLeft UIInterfaceOrientationLandscapeRight";
				INFOPLIST_KEY_UISupportedInterfaceOrientations_iPhone = "UIInterfaceOrientationPortrait UIInterfaceOrientationLandscapeLeft UIInterfaceOrientationLandscapeRight";
				IPHONEOS_DEPLOYMENT_TARGET = 16.2;
				LD_RUNPATH_SEARCH_PATHS = "@executable_path/Frameworks";
				"LD_RUNPATH_SEARCH_PATHS[sdk=macosx*]" = "@executable_path/../Frameworks";
				MACOSX_DEPLOYMENT_TARGET = 13.1;
				MARKETING_VERSION = 1.0;
				PRODUCT_BUNDLE_IDENTIFIER = myApp.appen;
				PRODUCT_NAME = "$(TARGET_NAME)";
				SDKROOT = auto;
				SUPPORTED_PLATFORMS = "iphoneos iphonesimulator macosx";
				SWIFT_EMIT_LOC_STRINGS = YES;
				SWIFT_VERSION = 5.0;
				TARGETED_DEVICE_FAMILY = "1,2";
			};
			name = Release;
		};
		56338A9129EFCA6800A1F0E7 /* Debug */ = {
			isa = XCBuildConfiguration;
			buildSettings = {
				ALWAYS_EMBED_SWIFT_STANDARD_LIBRARIES = YES;
				BUNDLE_LOADER = "$(TEST_HOST)";
				CODE_SIGN_STYLE = Automatic;
				CURRENT_PROJECT_VERSION = 1;
				GENERATE_INFOPLIST_FILE = YES;
				IPHONEOS_DEPLOYMENT_TARGET = 16.2;
				MACOSX_DEPLOYMENT_TARGET = 13.1;
				MARKETING_VERSION = 1.0;
				PRODUCT_BUNDLE_IDENTIFIER = myApp.appenTests;
				PRODUCT_NAME = "$(TARGET_NAME)";
				SDKROOT = auto;
				SUPPORTED_PLATFORMS = "iphoneos iphonesimulator macosx";
				SWIFT_EMIT_LOC_STRINGS = NO;
				SWIFT_VERSION = 5.0;
				TARGETED_DEVICE_FAMILY = "1,2";
				TEST_HOST = "$(BUILT_PRODUCTS_DIR)/appen.app/$(BUNDLE_EXECUTABLE_FOLDER_PATH)/appen";
			};
			name = Debug;
		};
		56338A9229EFCA6800A1F0E7 /* Release */ = {
			isa = XCBuildConfiguration;
			buildSettings = {
				ALWAYS_EMBED_SWIFT_STANDARD_LIBRARIES = YES;
				BUNDLE_LOADER = "$(TEST_HOST)";
				CODE_SIGN_STYLE = Automatic;
				CURRENT_PROJECT_VERSION = 1;
				GENERATE_INFOPLIST_FILE = YES;
				IPHONEOS_DEPLOYMENT_TARGET = 16.2;
				MACOSX_DEPLOYMENT_TARGET = 13.1;
				MARKETING_VERSION = 1.0;
				PRODUCT_BUNDLE_IDENTIFIER = myApp.appenTests;
				PRODUCT_NAME = "$(TARGET_NAME)";
				SDKROOT = auto;
				SUPPORTED_PLATFORMS = "iphoneos iphonesimulator macosx";
				SWIFT_EMIT_LOC_STRINGS = NO;
				SWIFT_VERSION = 5.0;
				TARGETED_DEVICE_FAMILY = "1,2";
				TEST_HOST = "$(BUILT_PRODUCTS_DIR)/appen.app/$(BUNDLE_EXECUTABLE_FOLDER_PATH)/appen";
			};
			name = Release;
		};
		56338A9429EFCA6800A1F0E7 /* Debug */ = {
			isa = XCBuildConfiguration;
			buildSettings = {
				ALWAYS_EMBED_SWIFT_STANDARD_LIBRARIES = YES;
				CODE_SIGN_STYLE = Automatic;
				CURRENT_PROJECT_VERSION = 1;
				GENERATE_INFOPLIST_FILE = YES;
				IPHONEOS_DEPLOYMENT_TARGET = 16.2;
				MACOSX_DEPLOYMENT_TARGET = 13.1;
				MARKETING_VERSION = 1.0;
				PRODUCT_BUNDLE_IDENTIFIER = myApp.appenUITests;
				PRODUCT_NAME = "$(TARGET_NAME)";
				SDKROOT = auto;
				SUPPORTED_PLATFORMS = "iphoneos iphonesimulator macosx";
				SWIFT_EMIT_LOC_STRINGS = NO;
				SWIFT_VERSION = 5.0;
				TARGETED_DEVICE_FAMILY = "1,2";
				TEST_TARGET_NAME = appen;
			};
			name = Debug;
		};
		56338A9529EFCA6800A1F0E7 /* Release */ = {
			isa = XCBuildConfiguration;
			buildSettings = {
				ALWAYS_EMBED_SWIFT_STANDARD_LIBRARIES = YES;
				CODE_SIGN_STYLE = Automatic;
				CURRENT_PROJECT_VERSION = 1;
				GENERATE_INFOPLIST_FILE = YES;
				IPHONEOS_DEPLOYMENT_TARGET = 16.2;
				MACOSX_DEPLOYMENT_TARGET = 13.1;
				MARKETING_VERSION = 1.0;
				PRODUCT_BUNDLE_IDENTIFIER = myApp.appenUITests;
				PRODUCT_NAME = "$(TARGET_NAME)";
				SDKROOT = auto;
				SUPPORTED_PLATFORMS = "iphoneos iphonesimulator macosx";
				SWIFT_EMIT_LOC_STRINGS = NO;
				SWIFT_VERSION = 5.0;
				TARGETED_DEVICE_FAMILY = "1,2";
				TEST_TARGET_NAME = appen;
			};
			name = Release;
		};
/* End XCBuildConfiguration section */

/* Begin XCConfigurationList section */
		56338A6329EFCA6300A1F0E7 /* Build configuration list for PBXProject "appen" */ = {
			isa = XCConfigurationList;
			buildConfigurations = (
				56338A8B29EFCA6800A1F0E7 /* Debug */,
				56338A8C29EFCA6800A1F0E7 /* Release */,
			);
			defaultConfigurationIsVisible = 0;
			defaultConfigurationName = Release;
		};
		56338A8D29EFCA6800A1F0E7 /* Build configuration list for PBXNativeTarget "appen" */ = {
			isa = XCConfigurationList;
			buildConfigurations = (
				56338A8E29EFCA6800A1F0E7 /* Debug */,
				56338A8F29EFCA6800A1F0E7 /* Release */,
			);
			defaultConfigurationIsVisible = 0;
			defaultConfigurationName = Release;
		};
		56338A9029EFCA6800A1F0E7 /* Build configuration list for PBXNativeTarget "appenTests" */ = {
			isa = XCConfigurationList;
			buildConfigurations = (
				56338A9129EFCA6800A1F0E7 /* Debug */,
				56338A9229EFCA6800A1F0E7 /* Release */,
			);
			defaultConfigurationIsVisible = 0;
			defaultConfigurationName = Release;
		};
		56338A9329EFCA6800A1F0E7 /* Build configuration list for PBXNativeTarget "appenUITests" */ = {
			isa = XCConfigurationList;
			buildConfigurations = (
				56338A9429EFCA6800A1F0E7 /* Debug */,
				56338A9529EFCA6800A1F0E7 /* Release */,
			);
			defaultConfigurationIsVisible = 0;
			defaultConfigurationName = Release;
		};
/* End XCConfigurationList section */
	};
	rootObject = 56338A6029EFCA6300A1F0E7 /* Project object */;
}
